
Microsoft Visual Studio Solution File, Format Version 12.00
# Visual Studio Version 16
VisualStudioVersion = 16.0.29519.87
MinimumVisualStudioVersion = 10.0.40219.1
Project("{FAE04EC0-301F-11D3-BF4B-00C04F79EFBC}") = "LXApiExam", "LXApiExam\LXApiExam.csproj", "{0E958D27-198F-493B-AD7B-A44DBB522852}"
EndProject
Global
	GlobalSection(SolutionConfigurationPlatforms) = preSolution
		Debug|Any CPU = Debug|Any CPU
		Release|Any CPU = Release|Any CPU
	EndGlobalSection
	GlobalSection(ProjectConfigurationPlatforms) = postSolution
		{0E958D27-198F-493B-AD7B-A44DBB522852}.Debug|Any CPU.ActiveCfg = Debug|Any CPU
		{0E958D27-198F-493B-AD7B-A44DBB522852}.Debug|Any CPU.Build.0 = Debug|Any CPU
		{0E958D27-198F-493B-AD7B-A44DBB522852}.Release|Any CPU.ActiveCfg = Release|Any CPU
		{0E958D27-198F-493B-AD7B-A44DBB522852}.Release|Any CPU.Build.0 = Release|Any CPU
	EndGlobalSection
	GlobalSection(SolutionProperties) = preSolution
		HideSolutionNode = FALSE
	EndGlobalSection
	GlobalSection(ExtensibilityGlobals) = postSolution
		SolutionGuid = {CD8E31BD-34F9-4E23-92D8-F2507D289A4B}
	EndGlobalSection
EndGlobal
